
Microsoft Visual Studio Solution File, Format Version 12.00
# Visual Studio Version 16
VisualStudioVersion = 16.0.30711.63
MinimumVisualStudioVersion = 10.0.40219.1
Project("{FAE04EC0-301F-11D3-BF4B-00C04F79EFBC}") = "ConsoleApp4", "ConsoleApp4\ConsoleApp4.csproj", "{3109E614-81BF-4C88-9976-F48209054B9B}"
EndProject
Global
	GlobalSection(SolutionConfigurationPlatforms) = preSolution
		Debug|Any CPU = Debug|Any CPU
		Release|Any CPU = Release|Any CPU
	EndGlobalSection
	GlobalSection(ProjectConfigurationPlatforms) = postSolution
		{3109E614-81BF-4C88-9976-F48209054B9B}.Debug|Any CPU.ActiveCfg = Debug|Any CPU
		{3109E614-81BF-4C88-9976-F48209054B9B}.Debug|Any CPU.Build.0 = Debug|Any CPU
		{3109E614-81BF-4C88-9976-F48209054B9B}.Release|Any CPU.ActiveCfg = Release|Any CPU
		{3109E614-81BF-4C88-9976-F48209054B9B}.Release|Any CPU.Build.0 = Release|Any CPU
	EndGlobalSection
	GlobalSection(SolutionProperties) = preSolution
		HideSolutionNode = FALSE
	EndGlobalSection
	GlobalSection(ExtensibilityGlobals) = postSolution
		SolutionGuid = {607952D4-6C93-4602-B2C2-D955D6F38727}
	EndGlobalSection
EndGlobal
